Microsoft Visual Studio Solution File, Format Version 12.00
# Visual Studio Version 17
VisualStudioVersion = 17.5.2.0
MinimumVisualStudioVersion = 10.0.40219.1
Project("{FAE04EC0-301F-11D3-BF4B-00C04F79EFBC}") = "PosSale", "PosSale.csproj", "{AAAFC00F-5E7C-F10F-930E-DC9896791AEF}"
EndProject
Global
	GlobalSection(SolutionConfigurationPlatforms) = preSolution
		Debug|Any CPU = Debug|Any CPU
		Release|Any CPU = Release|Any CPU
	EndGlobalSection
	GlobalSection(ProjectConfigurationPlatforms) = postSolution
		{AAAFC00F-5E7C-F10F-930E-DC9896791AEF}.Debug|Any CPU.ActiveCfg = Debug|Any CPU
		{AAAFC00F-5E7C-F10F-930E-DC9896791AEF}.Debug|Any CPU.Build.0 = Debug|Any CPU
		{AAAFC00F-5E7C-F10F-930E-DC9896791AEF}.Release|Any CPU.ActiveCfg = Release|Any CPU
		{AAAFC00F-5E7C-F10F-930E-DC9896791AEF}.Release|Any CPU.Build.0 = Release|Any CPU
	EndGlobalSection
	GlobalSection(SolutionProperties) = preSolution
		HideSolutionNode = FALSE
	EndGlobalSection
	GlobalSection(ExtensibilityGlobals) = postSolution
		SolutionGuid = {01D72940-FF29-44CB-8BE8-A26FC4074DAD}
	EndGlobalSection
EndGlobal
